
Microsoft Visual Studio Solution File, Format Version 12.00
# Visual Studio Version 16
VisualStudioVersion = 16.0.31005.135
MinimumVisualStudioVersion = 10.0.40219.1
Project("{FAE04EC0-301F-11D3-BF4B-00C04F79EFBC}") = "Sistema_PollosKevin", "Sistema_PollosKevin\Sistema_PollosKevin.csproj", "{6132FCFE-B935-43FD-B914-3F43132234F0}"
EndProject
Global
	GlobalSection(SolutionConfigurationPlatforms) = preSolution
		Debug|Any CPU = Debug|Any CPU
		Release|Any CPU = Release|Any CPU
	EndGlobalSection
	GlobalSection(ProjectConfigurationPlatforms) = postSolution
		{6132FCFE-B935-43FD-B914-3F43132234F0}.Debug|Any CPU.ActiveCfg = Debug|Any CPU
		{6132FCFE-B935-43FD-B914-3F43132234F0}.Debug|Any CPU.Build.0 = Debug|Any CPU
		{6132FCFE-B935-43FD-B914-3F43132234F0}.Release|Any CPU.ActiveCfg = Release|Any CPU
		{6132FCFE-B935-43FD-B914-3F43132234F0}.Release|Any CPU.Build.0 = Release|Any CPU
	EndGlobalSection
	GlobalSection(SolutionProperties) = preSolution
		HideSolutionNode = FALSE
	EndGlobalSection
	GlobalSection(ExtensibilityGlobals) = postSolution
		SolutionGuid = {9F31C209-92C9-4C18-B114-1311CD4B5B2A}
	EndGlobalSection
EndGlobal
